
Microsoft Visual Studio Solution File, Format Version 12.00
# Visual Studio Version 16
VisualStudioVersion = 16.0.30621.155
MinimumVisualStudioVersion = 10.0.40219.1
Project("{FAE04EC0-301F-11D3-BF4B-00C04F79EFBC}") = "Hafta_05_LinqWindowApp", "Hafta_05_Linqappp\Hafta_05_LinqWindowApp.csproj", "{0476F388-2F9E-49F1-8D10-92F6AEA0E79F}"
EndProject
Global
	GlobalSection(SolutionConfigurationPlatforms) = preSolution
		Debug|Any CPU = Debug|Any CPU
		Release|Any CPU = Release|Any CPU
	EndGlobalSection
	GlobalSection(ProjectConfigurationPlatforms) = postSolution
		{0476F388-2F9E-49F1-8D10-92F6AEA0E79F}.Debug|Any CPU.ActiveCfg = Debug|Any CPU
		{0476F388-2F9E-49F1-8D10-92F6AEA0E79F}.Debug|Any CPU.Build.0 = Debug|Any CPU
		{0476F388-2F9E-49F1-8D10-92F6AEA0E79F}.Release|Any CPU.ActiveCfg = Release|Any CPU
		{0476F388-2F9E-49F1-8D10-92F6AEA0E79F}.Release|Any CPU.Build.0 = Release|Any CPU
	EndGlobalSection
	GlobalSection(SolutionProperties) = preSolution
		HideSolutionNode = FALSE
	EndGlobalSection
	GlobalSection(ExtensibilityGlobals) = postSolution
		SolutionGuid = {54E501CF-D1E8-49FF-893F-23723299EE2A}
	EndGlobalSection
EndGlobal
