
Microsoft Visual Studio Solution File, Format Version 12.00
# Visual Studio Version 16
VisualStudioVersion = 16.0.30711.63
MinimumVisualStudioVersion = 10.0.40219.1
Project("{FAE04EC0-301F-11D3-BF4B-00C04F79EFBC}") = "Reflection", "Reflection\Reflection.csproj", "{EA48AB2E-3DC4-4A18-A993-9E1CBDF50B63}"
EndProject
Global
	GlobalSection(SolutionConfigurationPlatforms) = preSolution
		Debug|Any CPU = Debug|Any CPU
		Release|Any CPU = Release|Any CPU
	EndGlobalSection
	GlobalSection(ProjectConfigurationPlatforms) = postSolution
		{EA48AB2E-3DC4-4A18-A993-9E1CBDF50B63}.Debug|Any CPU.ActiveCfg = Debug|Any CPU
		{EA48AB2E-3DC4-4A18-A993-9E1CBDF50B63}.Debug|Any CPU.Build.0 = Debug|Any CPU
		{EA48AB2E-3DC4-4A18-A993-9E1CBDF50B63}.Release|Any CPU.ActiveCfg = Release|Any CPU
		{EA48AB2E-3DC4-4A18-A993-9E1CBDF50B63}.Release|Any CPU.Build.0 = Release|Any CPU
	EndGlobalSection
	GlobalSection(SolutionProperties) = preSolution
		HideSolutionNode = FALSE
	EndGlobalSection
	GlobalSection(ExtensibilityGlobals) = postSolution
		SolutionGuid = {06F5B498-DBE0-4570-878F-1AA4B72E7062}
	EndGlobalSection
EndGlobal
