
Microsoft Visual Studio Solution File, Format Version 12.00
# Visual Studio Version 16
VisualStudioVersion = 16.0.30804.86
MinimumVisualStudioVersion = 10.0.40219.1
Project("{FAE04EC0-301F-11D3-BF4B-00C04F79EFBC}") = "BookSaller.Entities", "BookSaller\BookSaller.Entities.csproj", "{14843C10-A3B0-4C57-AFA1-B9D46EC4635D}"
EndProject
Project("{FAE04EC0-301F-11D3-BF4B-00C04F79EFBC}") = "BookSaller.DataAccess", "BookSaller.DataAccess\BookSaller.DataAccess.csproj", "{95A05492-697B-4566-B1A8-3435CF72DE50}"
EndProject
Project("{FAE04EC0-301F-11D3-BF4B-00C04F79EFBC}") = "BookSeller.Business", "BookSeller.Business\BookSeller.Business.csproj", "{32755F62-46C7-4FC2-9B4B-11BBD1518B89}"
EndProject
Project("{FAE04EC0-301F-11D3-BF4B-00C04F79EFBC}") = "BookSaller.ConsoleApp", "BookSaller.ConsoleApp\BookSaller.ConsoleApp.csproj", "{84C0D422-09DC-4185-A286-48AD80F65D1A}"
EndProject
Project("{FAE04EC0-301F-11D3-BF4B-00C04F79EFBC}") = "BookSaller.WinApp", "BookSaller.WinApp\BookSaller.WinApp.csproj", "{951DF9A9-8431-4E42-AC03-614673991FD8}"
EndProject
Global
	GlobalSection(SolutionConfigurationPlatforms) = preSolution
		Debug|Any CPU = Debug|Any CPU
		Release|Any CPU = Release|Any CPU
	EndGlobalSection
	GlobalSection(ProjectConfigurationPlatforms) = postSolution
		{14843C10-A3B0-4C57-AFA1-B9D46EC4635D}.Debug|Any CPU.ActiveCfg = Debug|Any CPU
		{14843C10-A3B0-4C57-AFA1-B9D46EC4635D}.Debug|Any CPU.Build.0 = Debug|Any CPU
		{14843C10-A3B0-4C57-AFA1-B9D46EC4635D}.Release|Any CPU.ActiveCfg = Release|Any CPU
		{14843C10-A3B0-4C57-AFA1-B9D46EC4635D}.Release|Any CPU.Build.0 = Release|Any CPU
		{95A05492-697B-4566-B1A8-3435CF72DE50}.Debug|Any CPU.ActiveCfg = Debug|Any CPU
		{95A05492-697B-4566-B1A8-3435CF72DE50}.Debug|Any CPU.Build.0 = Debug|Any CPU
		{95A05492-697B-4566-B1A8-3435CF72DE50}.Release|Any CPU.ActiveCfg = Release|Any CPU
		{95A05492-697B-4566-B1A8-3435CF72DE50}.Release|Any CPU.Build.0 = Release|Any CPU
		{32755F62-46C7-4FC2-9B4B-11BBD1518B89}.Debug|Any CPU.ActiveCfg = Debug|Any CPU
		{32755F62-46C7-4FC2-9B4B-11BBD1518B89}.Debug|Any CPU.Build.0 = Debug|Any CPU
		{32755F62-46C7-4FC2-9B4B-11BBD1518B89}.Release|Any CPU.ActiveCfg = Release|Any CPU
		{32755F62-46C7-4FC2-9B4B-11BBD1518B89}.Release|Any CPU.Build.0 = Release|Any CPU
		{84C0D422-09DC-4185-A286-48AD80F65D1A}.Debug|Any CPU.ActiveCfg = Debug|Any CPU
		{84C0D422-09DC-4185-A286-48AD80F65D1A}.Debug|Any CPU.Build.0 = Debug|Any CPU
		{84C0D422-09DC-4185-A286-48AD80F65D1A}.Release|Any CPU.ActiveCfg = Release|Any CPU
		{84C0D422-09DC-4185-A286-48AD80F65D1A}.Release|Any CPU.Build.0 = Release|Any CPU
		{951DF9A9-8431-4E42-AC03-614673991FD8}.Debug|Any CPU.ActiveCfg = Debug|Any CPU
		{951DF9A9-8431-4E42-AC03-614673991FD8}.Debug|Any CPU.Build.0 = Debug|Any CPU
		{951DF9A9-8431-4E42-AC03-614673991FD8}.Release|Any CPU.ActiveCfg = Release|Any CPU
		{951DF9A9-8431-4E42-AC03-614673991FD8}.Release|Any CPU.Build.0 = Release|Any CPU
	EndGlobalSection
	GlobalSection(SolutionProperties) = preSolution
		HideSolutionNode = FALSE
	EndGlobalSection
	GlobalSection(ExtensibilityGlobals) = postSolution
		SolutionGuid = {AEF0F4EB-60E3-4F74-B8DB-DBB76A73249B}
	EndGlobalSection
EndGlobal
