
Microsoft Visual Studio Solution File, Format Version 12.00
# Visual Studio Version 16
VisualStudioVersion = 16.0.30711.63
MinimumVisualStudioVersion = 10.0.40219.1
Project("{FAE04EC0-301F-11D3-BF4B-00C04F79EFBC}") = "Hafta11_ListApp", "Hafta11_ListApp\Hafta11_ListApp.csproj", "{94C1CA05-B175-4BAB-8553-0026BF831E16}"
EndProject
Global
	GlobalSection(SolutionConfigurationPlatforms) = preSolution
		Debug|Any CPU = Debug|Any CPU
		Release|Any CPU = Release|Any CPU
	EndGlobalSection
	GlobalSection(ProjectConfigurationPlatforms) = postSolution
		{94C1CA05-B175-4BAB-8553-0026BF831E16}.Debug|Any CPU.ActiveCfg = Debug|Any CPU
		{94C1CA05-B175-4BAB-8553-0026BF831E16}.Debug|Any CPU.Build.0 = Debug|Any CPU
		{94C1CA05-B175-4BAB-8553-0026BF831E16}.Release|Any CPU.ActiveCfg = Release|Any CPU
		{94C1CA05-B175-4BAB-8553-0026BF831E16}.Release|Any CPU.Build.0 = Release|Any CPU
	EndGlobalSection
	GlobalSection(SolutionProperties) = preSolution
		HideSolutionNode = FALSE
	EndGlobalSection
	GlobalSection(ExtensibilityGlobals) = postSolution
		SolutionGuid = {D5BB729D-FC42-4442-832E-EA59D6C73942}
	EndGlobalSection
EndGlobal
