
Microsoft Visual Studio Solution File, Format Version 12.00
# Visual Studio Version 16
VisualStudioVersion = 16.0.30711.63
MinimumVisualStudioVersion = 10.0.40219.1
Project("{FAE04EC0-301F-11D3-BF4B-00C04F79EFBC}") = "Odev2", "Odev2\Odev2.csproj", "{921D03FF-9A69-4CCA-84E0-11947747B804}"
EndProject
Global
	GlobalSection(SolutionConfigurationPlatforms) = preSolution
		Debug|Any CPU = Debug|Any CPU
		Release|Any CPU = Release|Any CPU
	EndGlobalSection
	GlobalSection(ProjectConfigurationPlatforms) = postSolution
		{921D03FF-9A69-4CCA-84E0-11947747B804}.Debug|Any CPU.ActiveCfg = Debug|Any CPU
		{921D03FF-9A69-4CCA-84E0-11947747B804}.Debug|Any CPU.Build.0 = Debug|Any CPU
		{921D03FF-9A69-4CCA-84E0-11947747B804}.Release|Any CPU.ActiveCfg = Release|Any CPU
		{921D03FF-9A69-4CCA-84E0-11947747B804}.Release|Any CPU.Build.0 = Release|Any CPU
	EndGlobalSection
	GlobalSection(SolutionProperties) = preSolution
		HideSolutionNode = FALSE
	EndGlobalSection
	GlobalSection(ExtensibilityGlobals) = postSolution
		SolutionGuid = {08412F94-1D71-45ED-8435-CF9368F07940}
	EndGlobalSection
EndGlobal
